
Microsoft Visual Studio Solution File, Format Version 12.00
# Visual Studio Version 17
VisualStudioVersion = 17.0.31912.275
MinimumVisualStudioVersion = 10.0.40219.1
Project("{8BC9CEB8-8B4A-11D0-8D11-00A0C91BC942}") = "Odd Even Linked List", "Odd Even Linked List\Odd Even Linked List.vcxproj", "{1D56559A-0196-49A0-81D3-1A81470780AC}"
EndProject
Project("{8BC9CEB8-8B4A-11D0-8D11-00A0C91BC942}") = "Two Sum", "Two Sum\Two Sum.vcxproj", "{C669FB6C-9C1F-4B7E-9D78-19CEE3984034}"
EndProject
Project("{8BC9CEB8-8B4A-11D0-8D11-00A0C91BC942}") = "Three Sum", "Three Sum\Three Sum.vcxproj", "{88F061F7-0247-4CE8-A306-AE1798CEFA6D}"
EndProject
Project("{8BC9CEB8-8B4A-11D0-8D11-00A0C91BC942}") = "Three Sum Closest", "Three Sum Closest\Three Sum Closest.vcxproj", "{92F50D04-C6F0-4CEA-8F4C-DFD6D6885AB0}"
EndProject
Project("{8BC9CEB8-8B4A-11D0-8D11-00A0C91BC942}") = "Three Sum With Multiplicity", "Three Sum With Multiplicity\Three Sum With Multiplicity.vcxproj", "{C0F1CAAA-4DE6-4E22-A70C-D043F00B20F9}"
EndProject
Project("{8BC9CEB8-8B4A-11D0-8D11-00A0C91BC942}") = "Add Two Numbers", "Add Two Numbers\Add Two Numbers.vcxproj", "{93055007-C30B-46CB-9833-07863C80D07F}"
EndProject
Project("{8BC9CEB8-8B4A-11D0-8D11-00A0C91BC942}") = "Reverse Nodes in k-Group", "Reverse Nodes in k-Group\Reverse Nodes in k-Group.vcxproj", "{EC7F6802-7624-45C1-A4E5-745E40E55334}"
EndProject
Project("{8BC9CEB8-8B4A-11D0-8D11-00A0C91BC942}") = "Valid Parentheses", "Valid Parentheses\Valid Parentheses.vcxproj", "{6F8E31EC-E95A-422C-AE7D-E94B398C2A27}"
EndProject
Project("{8BC9CEB8-8B4A-11D0-8D11-00A0C91BC942}") = "Maximum Element - HackerRank", "Maximum Element - HackerRank\Maximum Element - HackerRank.vcxproj", "{DFA9A621-5246-44DF-B2D1-112230CE58B7}"
EndProject
Project("{8BC9CEB8-8B4A-11D0-8D11-00A0C91BC942}") = "Balanced Brackets - HackerRank", "Balanced Brackets - HackerRank\Balanced Brackets - HackerRank.vcxproj", "{51BF70F9-608F-4266-A544-DF4FDA6B1A9D}"
EndProject
Project("{8BC9CEB8-8B4A-11D0-8D11-00A0C91BC942}") = "Equal Stacks - HackerRank", "Equal Stacks - HackerRank\Equal Stacks - HackerRank.vcxproj", "{B894D26B-D2B8-4A06-9F91-36434D8D9FFD}"
EndProject
Project("{8BC9CEB8-8B4A-11D0-8D11-00A0C91BC942}") = "Game of Two Stacks - HackerRank", "Game of Two Stacks - HackerRank\Game of Two Stacks - HackerRank.vcxproj", "{29C66A59-7832-40E4-AF70-38E079406AD1}"
EndProject
Project("{8BC9CEB8-8B4A-11D0-8D11-00A0C91BC942}") = "Largest Rectangle - HackerRank", "Largest Rectangle - HackerRank\Largest Rectangle - HackerRank.vcxproj", "{2A933801-FB14-4468-BB4F-71020588F90E}"
EndProject
Project("{8BC9CEB8-8B4A-11D0-8D11-00A0C91BC942}") = "Simple Text Editor - HackerRank", "Simple Text Editor - HackerRank\Simple Text Editor - HackerRank.vcxproj", "{5EDF4409-2F6F-467E-BFDF-06648C07A677}"
EndProject
Project("{8BC9CEB8-8B4A-11D0-8D11-00A0C91BC942}") = "Print the Elements of a Linked List", "Print the Elements of a Linked List\Print the Elements of a Linked List.vcxproj", "{5F1F0E14-5B55-4A28-BDB4-85FAF73BE0BC}"
EndProject
Project("{8BC9CEB8-8B4A-11D0-8D11-00A0C91BC942}") = "Waiter", "Waiter\Waiter.vcxproj", "{232F433B-EC63-4DD1-AD5D-C28FC9AE67E0}"
EndProject
Project("{8BC9CEB8-8B4A-11D0-8D11-00A0C91BC942}") = "Poisonous Plants", "Poisonous Plants\Poisonous Plants.vcxproj", "{732F110D-79A8-4FAA-8855-50033BB680AC}"
EndProject
Project("{8BC9CEB8-8B4A-11D0-8D11-00A0C91BC942}") = "Array Manipulation", "Array Manipulation - HackerRank\Array Manipulation\Array Manipulation.vcxproj", "{34F7D239-7C2A-4298-9D61-94809C8AD9A0}"
EndProject
Global
	GlobalSection(SolutionConfigurationPlatforms) = preSolution
		Debug|x64 = Debug|x64
		Debug|x86 = Debug|x86
		Release|x64 = Release|x64
		Release|x86 = Release|x86
	EndGlobalSection
	GlobalSection(ProjectConfigurationPlatforms) = postSolution
		{1D56559A-0196-49A0-81D3-1A81470780AC}.Debug|x64.ActiveCfg = Debug|x64
		{1D56559A-0196-49A0-81D3-1A81470780AC}.Debug|x64.Build.0 = Debug|x64
		{1D56559A-0196-49A0-81D3-1A81470780AC}.Debug|x86.ActiveCfg = Debug|Win32
		{1D56559A-0196-49A0-81D3-1A81470780AC}.Debug|x86.Build.0 = Debug|Win32
		{1D56559A-0196-49A0-81D3-1A81470780AC}.Release|x64.ActiveCfg = Release|x64
		{1D56559A-0196-49A0-81D3-1A81470780AC}.Release|x64.Build.0 = Release|x64
		{1D56559A-0196-49A0-81D3-1A81470780AC}.Release|x86.ActiveCfg = Release|Win32
		{1D56559A-0196-49A0-81D3-1A81470780AC}.Release|x86.Build.0 = Release|Win32
		{C669FB6C-9C1F-4B7E-9D78-19CEE3984034}.Debug|x64.ActiveCfg = Debug|x64
		{C669FB6C-9C1F-4B7E-9D78-19CEE3984034}.Debug|x64.Build.0 = Debug|x64
		{C669FB6C-9C1F-4B7E-9D78-19CEE3984034}.Debug|x86.ActiveCfg = Debug|Win32
		{C669FB6C-9C1F-4B7E-9D78-19CEE3984034}.Debug|x86.Build.0 = Debug|Win32
		{C669FB6C-9C1F-4B7E-9D78-19CEE3984034}.Release|x64.ActiveCfg = Release|x64
		{C669FB6C-9C1F-4B7E-9D78-19CEE3984034}.Release|x64.Build.0 = Release|x64
		{C669FB6C-9C1F-4B7E-9D78-19CEE3984034}.Release|x86.ActiveCfg = Release|Win32
		{C669FB6C-9C1F-4B7E-9D78-19CEE3984034}.Release|x86.Build.0 = Release|Win32
		{88F061F7-0247-4CE8-A306-AE1798CEFA6D}.Debug|x64.ActiveCfg = Debug|x64
		{88F061F7-0247-4CE8-A306-AE1798CEFA6D}.Debug|x64.Build.0 = Debug|x64
		{88F061F7-0247-4CE8-A306-AE1798CEFA6D}.Debug|x86.ActiveCfg = Debug|Win32
		{88F061F7-0247-4CE8-A306-AE1798CEFA6D}.Debug|x86.Build.0 = Debug|Win32
		{88F061F7-0247-4CE8-A306-AE1798CEFA6D}.Release|x64.ActiveCfg = Release|x64
		{88F061F7-0247-4CE8-A306-AE1798CEFA6D}.Release|x64.Build.0 = Release|x64
		{88F061F7-0247-4CE8-A306-AE1798CEFA6D}.Release|x86.ActiveCfg = Release|Win32
		{88F061F7-0247-4CE8-A306-AE1798CEFA6D}.Release|x86.Build.0 = Release|Win32
		{92F50D04-C6F0-4CEA-8F4C-DFD6D6885AB0}.Debug|x64.ActiveCfg = Debug|x64
		{92F50D04-C6F0-4CEA-8F4C-DFD6D6885AB0}.Debug|x64.Build.0 = Debug|x64
		{92F50D04-C6F0-4CEA-8F4C-DFD6D6885AB0}.Debug|x86.ActiveCfg = Debug|Win32
		{92F50D04-C6F0-4CEA-8F4C-DFD6D6885AB0}.Debug|x86.Build.0 = Debug|Win32
		{92F50D04-C6F0-4CEA-8F4C-DFD6D6885AB0}.Release|x64.ActiveCfg = Release|x64
		{92F50D04-C6F0-4CEA-8F4C-DFD6D6885AB0}.Release|x64.Build.0 = Release|x64
		{92F50D04-C6F0-4CEA-8F4C-DFD6D6885AB0}.Release|x86.ActiveCfg = Release|Win32
		{92F50D04-C6F0-4CEA-8F4C-DFD6D6885AB0}.Release|x86.Build.0 = Release|Win32
		{C0F1CAAA-4DE6-4E22-A70C-D043F00B20F9}.Debug|x64.ActiveCfg = Debug|x64
		{C0F1CAAA-4DE6-4E22-A70C-D043F00B20F9}.Debug|x64.Build.0 = Debug|x64
		{C0F1CAAA-4DE6-4E22-A70C-D043F00B20F9}.Debug|x86.ActiveCfg = Debug|Win32
		{C0F1CAAA-4DE6-4E22-A70C-D043F00B20F9}.Debug|x86.Build.0 = Debug|Win32
		{C0F1CAAA-4DE6-4E22-A70C-D043F00B20F9}.Release|x64.ActiveCfg = Release|x64
		{C0F1CAAA-4DE6-4E22-A70C-D043F00B20F9}.Release|x64.Build.0 = Release|x64
		{C0F1CAAA-4DE6-4E22-A70C-D043F00B20F9}.Release|x86.ActiveCfg = Release|Win32
		{C0F1CAAA-4DE6-4E22-A70C-D043F00B20F9}.Release|x86.Build.0 = Release|Win32
		{93055007-C30B-46CB-9833-07863C80D07F}.Debug|x64.ActiveCfg = Debug|x64
		{93055007-C30B-46CB-9833-07863C80D07F}.Debug|x64.Build.0 = Debug|x64
		{93055007-C30B-46CB-9833-07863C80D07F}.Debug|x86.ActiveCfg = Debug|Win32
		{93055007-C30B-46CB-9833-07863C80D07F}.Debug|x86.Build.0 = Debug|Win32
		{93055007-C30B-46CB-9833-07863C80D07F}.Release|x64.ActiveCfg = Release|x64
		{93055007-C30B-46CB-9833-07863C80D07F}.Release|x64.Build.0 = Release|x64
		{93055007-C30B-46CB-9833-07863C80D07F}.Release|x86.ActiveCfg = Release|Win32
		{93055007-C30B-46CB-9833-07863C80D07F}.Release|x86.Build.0 = Release|Win32
		{EC7F6802-7624-45C1-A4E5-745E40E55334}.Debug|x64.ActiveCfg = Debug|x64
		{EC7F6802-7624-45C1-A4E5-745E40E55334}.Debug|x64.Build.0 = Debug|x64
		{EC7F6802-7624-45C1-A4E5-745E40E55334}.Debug|x86.ActiveCfg = Debug|Win32
		{EC7F6802-7624-45C1-A4E5-745E40E55334}.Debug|x86.Build.0 = Debug|Win32
		{EC7F6802-7624-45C1-A4E5-745E40E55334}.Release|x64.ActiveCfg = Release|x64
		{EC7F6802-7624-45C1-A4E5-745E40E55334}.Release|x64.Build.0 = Release|x64
		{EC7F6802-7624-45C1-A4E5-745E40E55334}.Release|x86.ActiveCfg = Release|Win32
		{EC7F6802-7624-45C1-A4E5-745E40E55334}.Release|x86.Build.0 = Release|Win32
		{6F8E31EC-E95A-422C-AE7D-E94B398C2A27}.Debug|x64.ActiveCfg = Debug|x64
		{6F8E31EC-E95A-422C-AE7D-E94B398C2A27}.Debug|x64.Build.0 = Debug|x64
		{6F8E31EC-E95A-422C-AE7D-E94B398C2A27}.Debug|x86.ActiveCfg = Debug|Win32
		{6F8E31EC-E95A-422C-AE7D-E94B398C2A27}.Debug|x86.Build.0 = Debug|Win32
		{6F8E31EC-E95A-422C-AE7D-E94B398C2A27}.Release|x64.ActiveCfg = Release|x64
		{6F8E31EC-E95A-422C-AE7D-E94B398C2A27}.Release|x64.Build.0 = Release|x64
		{6F8E31EC-E95A-422C-AE7D-E94B398C2A27}.Release|x86.ActiveCfg = Release|Win32
		{6F8E31EC-E95A-422C-AE7D-E94B398C2A27}.Release|x86.Build.0 = Release|Win32
		{DFA9A621-5246-44DF-B2D1-112230CE58B7}.Debug|x64.ActiveCfg = Debug|x64
		{DFA9A621-5246-44DF-B2D1-112230CE58B7}.Debug|x64.Build.0 = Debug|x64
		{DFA9A621-5246-44DF-B2D1-112230CE58B7}.Debug|x86.ActiveCfg = Debug|Win32
		{DFA9A621-5246-44DF-B2D1-112230CE58B7}.Debug|x86.Build.0 = Debug|Win32
		{DFA9A621-5246-44DF-B2D1-112230CE58B7}.Release|x64.ActiveCfg = Release|x64
		{DFA9A621-5246-44DF-B2D1-112230CE58B7}.Release|x64.Build.0 = Release|x64
		{DFA9A621-5246-44DF-B2D1-112230CE58B7}.Release|x86.ActiveCfg = Release|Win32
		{DFA9A621-5246-44DF-B2D1-112230CE58B7}.Release|x86.Build.0 = Release|Win32
		{51BF70F9-608F-4266-A544-DF4FDA6B1A9D}.Debug|x64.ActiveCfg = Debug|x64
		{51BF70F9-608F-4266-A544-DF4FDA6B1A9D}.Debug|x64.Build.0 = Debug|x64
		{51BF70F9-608F-4266-A544-DF4FDA6B1A9D}.Debug|x86.ActiveCfg = Debug|Win32
		{51BF70F9-608F-4266-A544-DF4FDA6B1A9D}.Debug|x86.Build.0 = Debug|Win32
		{51BF70F9-608F-4266-A544-DF4FDA6B1A9D}.Release|x64.ActiveCfg = Release|x64
		{51BF70F9-608F-4266-A544-DF4FDA6B1A9D}.Release|x64.Build.0 = Release|x64
		{51BF70F9-608F-4266-A544-DF4FDA6B1A9D}.Release|x86.ActiveCfg = Release|Win32
		{51BF70F9-608F-4266-A544-DF4FDA6B1A9D}.Release|x86.Build.0 = Release|Win32
		{B894D26B-D2B8-4A06-9F91-36434D8D9FFD}.Debug|x64.ActiveCfg = Debug|x64
		{B894D26B-D2B8-4A06-9F91-36434D8D9FFD}.Debug|x64.Build.0 = Debug|x64
		{B894D26B-D2B8-4A06-9F91-36434D8D9FFD}.Debug|x86.ActiveCfg = Debug|Win32
		{B894D26B-D2B8-4A06-9F91-36434D8D9FFD}.Debug|x86.Build.0 = Debug|Win32
		{B894D26B-D2B8-4A06-9F91-36434D8D9FFD}.Release|x64.ActiveCfg = Release|x64
		{B894D26B-D2B8-4A06-9F91-36434D8D9FFD}.Release|x64.Build.0 = Release|x64
		{B894D26B-D2B8-4A06-9F91-36434D8D9FFD}.Release|x86.ActiveCfg = Release|Win32
		{B894D26B-D2B8-4A06-9F91-36434D8D9FFD}.Release|x86.Build.0 = Release|Win32
		{29C66A59-7832-40E4-AF70-38E079406AD1}.Debug|x64.ActiveCfg = Debug|x64
		{29C66A59-7832-40E4-AF70-38E079406AD1}.Debug|x64.Build.0 = Debug|x64
		{29C66A59-7832-40E4-AF70-38E079406AD1}.Debug|x86.ActiveCfg = Debug|Win32
		{29C66A59-7832-40E4-AF70-38E079406AD1}.Debug|x86.Build.0 = Debug|Win32
		{29C66A59-7832-40E4-AF70-38E079406AD1}.Release|x64.ActiveCfg = Release|x64
		{29C66A59-7832-40E4-AF70-38E079406AD1}.Release|x64.Build.0 = Release|x64
		{29C66A59-7832-40E4-AF70-38E079406AD1}.Release|x86.ActiveCfg = Release|Win32
		{29C66A59-7832-40E4-AF70-38E079406AD1}.Release|x86.Build.0 = Release|Win32
		{2A933801-FB14-4468-BB4F-71020588F90E}.Debug|x64.ActiveCfg = Debug|x64
		{2A933801-FB14-4468-BB4F-71020588F90E}.Debug|x64.Build.0 = Debug|x64
		{2A933801-FB14-4468-BB4F-71020588F90E}.Debug|x86.ActiveCfg = Debug|Win32
		{2A933801-FB14-4468-BB4F-71020588F90E}.Debug|x86.Build.0 = Debug|Win32
		{2A933801-FB14-4468-BB4F-71020588F90E}.Release|x64.ActiveCfg = Release|x64
		{2A933801-FB14-4468-BB4F-71020588F90E}.Release|x64.Build.0 = Release|x64
		{2A933801-FB14-4468-BB4F-71020588F90E}.Release|x86.ActiveCfg = Release|Win32
		{2A933801-FB14-4468-BB4F-71020588F90E}.Release|x86.Build.0 = Release|Win32
		{5EDF4409-2F6F-467E-BFDF-06648C07A677}.Debug|x64.ActiveCfg = Debug|x64
		{5EDF4409-2F6F-467E-BFDF-06648C07A677}.Debug|x64.Build.0 = Debug|x64
		{5EDF4409-2F6F-467E-BFDF-06648C07A677}.Debug|x86.ActiveCfg = Debug|Win32
		{5EDF4409-2F6F-467E-BFDF-06648C07A677}.Debug|x86.Build.0 = Debug|Win32
		{5EDF4409-2F6F-467E-BFDF-06648C07A677}.Release|x64.ActiveCfg = Release|x64
		{5EDF4409-2F6F-467E-BFDF-06648C07A677}.Release|x64.Build.0 = Release|x64
		{5EDF4409-2F6F-467E-BFDF-06648C07A677}.Release|x86.ActiveCfg = Release|Win32
		{5EDF4409-2F6F-467E-BFDF-06648C07A677}.Release|x86.Build.0 = Release|Win32
		{5F1F0E14-5B55-4A28-BDB4-85FAF73BE0BC}.Debug|x64.ActiveCfg = Debug|x64
		{5F1F0E14-5B55-4A28-BDB4-85FAF73BE0BC}.Debug|x64.Build.0 = Debug|x64
		{5F1F0E14-5B55-4A28-BDB4-85FAF73BE0BC}.Debug|x86.ActiveCfg = Debug|Win32
		{5F1F0E14-5B55-4A28-BDB4-85FAF73BE0BC}.Debug|x86.Build.0 = Debug|Win32
		{5F1F0E14-5B55-4A28-BDB4-85FAF73BE0BC}.Release|x64.ActiveCfg = Release|x64
		{5F1F0E14-5B55-4A28-BDB4-85FAF73BE0BC}.Release|x64.Build.0 = Release|x64
		{5F1F0E14-5B55-4A28-BDB4-85FAF73BE0BC}.Release|x86.ActiveCfg = Release|Win32
		{5F1F0E14-5B55-4A28-BDB4-85FAF73BE0BC}.Release|x86.Build.0 = Release|Win32
		{232F433B-EC63-4DD1-AD5D-C28FC9AE67E0}.Debug|x64.ActiveCfg = Debug|x64
		{232F433B-EC63-4DD1-AD5D-C28FC9AE67E0}.Debug|x64.Build.0 = Debug|x64
		{232F433B-EC63-4DD1-AD5D-C28FC9AE67E0}.Debug|x86.ActiveCfg = Debug|Win32
		{232F433B-EC63-4DD1-AD5D-C28FC9AE67E0}.Debug|x86.Build.0 = Debug|Win32
		{232F433B-EC63-4DD1-AD5D-C28FC9AE67E0}.Release|x64.ActiveCfg = Release|x64
		{232F433B-EC63-4DD1-AD5D-C28FC9AE67E0}.Release|x64.Build.0 = Release|x64
		{232F433B-EC63-4DD1-AD5D-C28FC9AE67E0}.Release|x86.ActiveCfg = Release|Win32
		{232F433B-EC63-4DD1-AD5D-C28FC9AE67E0}.Release|x86.Build.0 = Release|Win32
		{732F110D-79A8-4FAA-8855-50033BB680AC}.Debug|x64.ActiveCfg = Debug|x64
		{732F110D-79A8-4FAA-8855-50033BB680AC}.Debug|x64.Build.0 = Debug|x64
		{732F110D-79A8-4FAA-8855-50033BB680AC}.Debug|x86.ActiveCfg = Debug|Win32
		{732F110D-79A8-4FAA-8855-50033BB680AC}.Debug|x86.Build.0 = Debug|Win32
		{732F110D-79A8-4FAA-8855-50033BB680AC}.Release|x64.ActiveCfg = Release|x64
		{732F110D-79A8-4FAA-8855-50033BB680AC}.Release|x64.Build.0 = Release|x64
		{732F110D-79A8-4FAA-8855-50033BB680AC}.Release|x86.ActiveCfg = Release|Win32
		{732F110D-79A8-4FAA-8855-50033BB680AC}.Release|x86.Build.0 = Release|Win32
		{34F7D239-7C2A-4298-9D61-94809C8AD9A0}.Debug|x64.ActiveCfg = Debug|x64
		{34F7D239-7C2A-4298-9D61-94809C8AD9A0}.Debug|x64.Build.0 = Debug|x64
		{34F7D239-7C2A-4298-9D61-94809C8AD9A0}.Debug|x86.ActiveCfg = Debug|Win32
		{34F7D239-7C2A-4298-9D61-94809C8AD9A0}.Debug|x86.Build.0 = Debug|Win32
		{34F7D239-7C2A-4298-9D61-94809C8AD9A0}.Release|x64.ActiveCfg = Release|x64
		{34F7D239-7C2A-4298-9D61-94809C8AD9A0}.Release|x64.Build.0 = Release|x64
		{34F7D239-7C2A-4298-9D61-94809C8AD9A0}.Release|x86.ActiveCfg = Release|Win32
		{34F7D239-7C2A-4298-9D61-94809C8AD9A0}.Release|x86.Build.0 = Release|Win32
	EndGlobalSection
	GlobalSection(SolutionProperties) = preSolution
		HideSolutionNode = FALSE
	EndGlobalSection
	GlobalSection(ExtensibilityGlobals) = postSolution
		SolutionGuid = {21C5985B-612B-44C8-B482-5964478760F7}
	EndGlobalSection
EndGlobal
